<?xml version="1.0" encoding="utf-8"?>
<Project ToolsVersion="4.0" xmlns="http://schemas.microsoft.com/developer/msbuild/2003">
  <ItemGroup>
    <Filter Include="test">
      <UniqueIdentifier>{1AF84E0C-E028-1343-8A08-C0B06BCD02BD}</UniqueIdentifier>
    </Filter>
    <Filter Include="test\gtest-1.7.0">
      <UniqueIdentifier>{D7A68D5C-ED03-5A45-AD42-DB0F8FE0E387}</UniqueIdentifier>
    </Filter>
    <Filter Include="test\gtest-1.7.0\src">
      <UniqueIdentifier>{59DD3787-B045-1B4A-B51A-6C7B0522A091}</UniqueIdentifier>
    </Filter>
  </ItemGroup>
  <ItemGroup>
    <ClCompile Include="..\..\test\gtest-1.7.0\src\gtest-all.cc">
      <Filter>test\gtest-1.7.0\src</Filter>
    </ClCompile>
  </ItemGroup>
</Project>
